
Microsoft Visual Studio Solution File, Format Version 12.00
# Visual Studio Version 16
VisualStudioVersion = 16.0.30114.105
MinimumVisualStudioVersion = 10.0.40219.1
Project("{FAE04EC0-301F-11D3-BF4B-00C04F79EFBC}") = "Peliculas.Domain", "Peliculas.Domain\Peliculas.Domain.csproj", "{9C71A89D-8EA3-49C8-8E9A-C28F119581E5}"
EndProject
Project("{FAE04EC0-301F-11D3-BF4B-00C04F79EFBC}") = "Peliculas.Infraestructure", "Peliculas.Infraestructure\Peliculas.Infraestructure.csproj", "{1C8795D8-87CA-4A04-9467-089829442445}"
EndProject
Project("{FAE04EC0-301F-11D3-BF4B-00C04F79EFBC}") = "Peliculas.Application", "Peliculas.Application\Peliculas.Application.csproj", "{7CB4566A-D9E0-4654-9681-F556B70854E3}"
EndProject
Project("{FAE04EC0-301F-11D3-BF4B-00C04F79EFBC}") = "Peliculas.Api", "Peliculas.Api\Peliculas.Api.csproj", "{94739C9C-69BC-4206-B102-82C87C6BAFEA}"
EndProject
Global
	GlobalSection(SolutionConfigurationPlatforms) = preSolution
		Debug|Any CPU = Debug|Any CPU
		Debug|x64 = Debug|x64
		Debug|x86 = Debug|x86
		Release|Any CPU = Release|Any CPU
		Release|x64 = Release|x64
		Release|x86 = Release|x86
	EndGlobalSection
	GlobalSection(SolutionProperties) = preSolution
		HideSolutionNode = FALSE
	EndGlobalSection
	GlobalSection(ProjectConfigurationPlatforms) = postSolution
		{9C71A89D-8EA3-49C8-8E9A-C28F119581E5}.Debug|Any CPU.ActiveCfg = Debug|Any CPU
		{9C71A89D-8EA3-49C8-8E9A-C28F119581E5}.Debug|Any CPU.Build.0 = Debug|Any CPU
		{9C71A89D-8EA3-49C8-8E9A-C28F119581E5}.Debug|x64.ActiveCfg = Debug|Any CPU
		{9C71A89D-8EA3-49C8-8E9A-C28F119581E5}.Debug|x64.Build.0 = Debug|Any CPU
		{9C71A89D-8EA3-49C8-8E9A-C28F119581E5}.Debug|x86.ActiveCfg = Debug|Any CPU
		{9C71A89D-8EA3-49C8-8E9A-C28F119581E5}.Debug|x86.Build.0 = Debug|Any CPU
		{9C71A89D-8EA3-49C8-8E9A-C28F119581E5}.Release|Any CPU.ActiveCfg = Release|Any CPU
		{9C71A89D-8EA3-49C8-8E9A-C28F119581E5}.Release|Any CPU.Build.0 = Release|Any CPU
		{9C71A89D-8EA3-49C8-8E9A-C28F119581E5}.Release|x64.ActiveCfg = Release|Any CPU
		{9C71A89D-8EA3-49C8-8E9A-C28F119581E5}.Release|x64.Build.0 = Release|Any CPU
		{9C71A89D-8EA3-49C8-8E9A-C28F119581E5}.Release|x86.ActiveCfg = Release|Any CPU
		{9C71A89D-8EA3-49C8-8E9A-C28F119581E5}.Release|x86.Build.0 = Release|Any CPU
		{1C8795D8-87CA-4A04-9467-089829442445}.Debug|Any CPU.ActiveCfg = Debug|Any CPU
		{1C8795D8-87CA-4A04-9467-089829442445}.Debug|Any CPU.Build.0 = Debug|Any CPU
		{1C8795D8-87CA-4A04-9467-089829442445}.Debug|x64.ActiveCfg = Debug|Any CPU
		{1C8795D8-87CA-4A04-9467-089829442445}.Debug|x64.Build.0 = Debug|Any CPU
		{1C8795D8-87CA-4A04-9467-089829442445}.Debug|x86.ActiveCfg = Debug|Any CPU
		{1C8795D8-87CA-4A04-9467-089829442445}.Debug|x86.Build.0 = Debug|Any CPU
		{1C8795D8-87CA-4A04-9467-089829442445}.Release|Any CPU.ActiveCfg = Release|Any CPU
		{1C8795D8-87CA-4A04-9467-089829442445}.Release|Any CPU.Build.0 = Release|Any CPU
		{1C8795D8-87CA-4A04-9467-089829442445}.Release|x64.ActiveCfg = Release|Any CPU
		{1C8795D8-87CA-4A04-9467-089829442445}.Release|x64.Build.0 = Release|Any CPU
		{1C8795D8-87CA-4A04-9467-089829442445}.Release|x86.ActiveCfg = Release|Any CPU
		{1C8795D8-87CA-4A04-9467-089829442445}.Release|x86.Build.0 = Release|Any CPU
		{7CB4566A-D9E0-4654-9681-F556B70854E3}.Debug|Any CPU.ActiveCfg = Debug|Any CPU
		{7CB4566A-D9E0-4654-9681-F556B70854E3}.Debug|Any CPU.Build.0 = Debug|Any CPU
		{7CB4566A-D9E0-4654-9681-F556B70854E3}.Debug|x64.ActiveCfg = Debug|Any CPU
		{7CB4566A-D9E0-4654-9681-F556B70854E3}.Debug|x64.Build.0 = Debug|Any CPU
		{7CB4566A-D9E0-4654-9681-F556B70854E3}.Debug|x86.ActiveCfg = Debug|Any CPU
		{7CB4566A-D9E0-4654-9681-F556B70854E3}.Debug|x86.Build.0 = Debug|Any CPU
		{7CB4566A-D9E0-4654-9681-F556B70854E3}.Release|Any CPU.ActiveCfg = Release|Any CPU
		{7CB4566A-D9E0-4654-9681-F556B70854E3}.Release|Any CPU.Build.0 = Release|Any CPU
		{7CB4566A-D9E0-4654-9681-F556B70854E3}.Release|x64.ActiveCfg = Release|Any CPU
		{7CB4566A-D9E0-4654-9681-F556B70854E3}.Release|x64.Build.0 = Release|Any CPU
		{7CB4566A-D9E0-4654-9681-F556B70854E3}.Release|x86.ActiveCfg = Release|Any CPU
		{7CB4566A-D9E0-4654-9681-F556B70854E3}.Release|x86.Build.0 = Release|Any CPU
		{94739C9C-69BC-4206-B102-82C87C6BAFEA}.Debug|Any CPU.ActiveCfg = Debug|Any CPU
		{94739C9C-69BC-4206-B102-82C87C6BAFEA}.Debug|Any CPU.Build.0 = Debug|Any CPU
		{94739C9C-69BC-4206-B102-82C87C6BAFEA}.Debug|x64.ActiveCfg = Debug|Any CPU
		{94739C9C-69BC-4206-B102-82C87C6BAFEA}.Debug|x64.Build.0 = Debug|Any CPU
		{94739C9C-69BC-4206-B102-82C87C6BAFEA}.Debug|x86.ActiveCfg = Debug|Any CPU
		{94739C9C-69BC-4206-B102-82C87C6BAFEA}.Debug|x86.Build.0 = Debug|Any CPU
		{94739C9C-69BC-4206-B102-82C87C6BAFEA}.Release|Any CPU.ActiveCfg = Release|Any CPU
		{94739C9C-69BC-4206-B102-82C87C6BAFEA}.Release|Any CPU.Build.0 = Release|Any CPU
		{94739C9C-69BC-4206-B102-82C87C6BAFEA}.Release|x64.ActiveCfg = Release|Any CPU
		{94739C9C-69BC-4206-B102-82C87C6BAFEA}.Release|x64.Build.0 = Release|Any CPU
		{94739C9C-69BC-4206-B102-82C87C6BAFEA}.Release|x86.ActiveCfg = Release|Any CPU
		{94739C9C-69BC-4206-B102-82C87C6BAFEA}.Release|x86.Build.0 = Release|Any CPU
	EndGlobalSection
EndGlobal
